// !$*UTF8*$!
{
	archiveVersion = 1;
	classes = {
	};
	objectVersion = 46;
	objects = {

/* Begin PBXBuildFile section */
		A44031DF1E8EC8BD00A85F5B /* LoginViewController.m in Sources */ = {isa = PBXBuildFile; fileRef = A44031DE1E8EC8BD00A85F5B /* LoginViewController.m */; };
		A49301B41E8D5E9400874808 /* main.m in Sources */ = {isa = PBXBuildFile; fileRef = A49301B31E8D5E9400874808 /* main.m */; };
		A49301B71E8D5E9400874808 /* AppDelegate.m in Sources */ = {isa = PBXBuildFile; fileRef = A49301B61E8D5E9400874808 /* AppDelegate.m */; };
		A49301BA1E8D5E9400874808 /* HomePageViewController.m in Sources */ = {isa = PBXBuildFile; fileRef = A49301B91E8D5E9400874808 /* HomePageViewController.m */; };
		A49301BD1E8D5E9400874808 /* Main.storyboard in Resources */ = {isa = PBXBuildFile; fileRef = A49301BB1E8D5E9400874808 /* Main.storyboard */; };
		A49301BF1E8D5E9400874808 /* Assets.xcassets in Resources */ = {isa = PBXBuildFile; fileRef = A49301BE1E8D5E9400874808 /* Assets.xcassets */; };
		A49301C21E8D5E9400874808 /* LaunchScreen.storyboard in Resources */ = {isa = PBXBuildFile; fileRef = A49301C01E8D5E9400874808 /* LaunchScreen.storyboard */; };
/* End PBXBuildFile section */

/* Begin PBXFileReference section */
		A44031DD1E8EC8BD00A85F5B /* LoginViewController.h */ = {isa = PBXFileReference; fileEncoding = 4; lastKnownFileType = sourcecode.c.h; path = LoginViewController.h; sourceTree = "<group>"; };
		A44031DE1E8EC8BD00A85F5B /* LoginViewController.m */ = {isa = PBXFileReference; fileEncoding = 4; lastKnownFileType = sourcecode.c.objc; path = LoginViewController.m; sourceTree = "<group>"; };
		A44031E01E8EC8F000A85F5B /* Defines.h */ = {isa = PBXFileReference; lastKnownFileType = sourcecode.c.h; path = Defines.h; sourceTree = "<group>"; };
		A49301AF1E8D5E9400874808 /* Practice.app */ = {isa = PBXFileReference; explicitFileType = wrapper.application; includeInIndex = 0; path = Practice.app; sourceTree = BUILT_PRODUCTS_DIR; };
		A49301B31E8D5E9400874808 /* main.m */ = {isa = PBXFileReference; lastKnownFileType = sourcecode.c.objc; path = main.m; sourceTree = "<group>"; };
		A49301B51E8D5E9400874808 /* AppDelegate.h */ = {isa = PBXFileReference; lastKnownFileType = sourcecode.c.h; path = AppDelegate.h; sourceTree = "<group>"; };
		A49301B61E8D5E9400874808 /* AppDelegate.m */ = {isa = PBXFileReference; lastKnownFileType = sourcecode.c.objc; path = AppDelegate.m; sourceTree = "<group>"; };
		A49301B81E8D5E9400874808 /* HomePageViewController.h */ = {isa = PBXFileReference; lastKnownFileType = sourcecode.c.h; path = HomePageViewController.h; sourceTree = "<group>"; };
		A49301B91E8D5E9400874808 /* HomePageViewController.m */ = {isa = PBXFileReference; lastKnownFileType = sourcecode.c.objc; path = HomePageViewController.m; sourceTree = "<group>"; };
		A49301BC1E8D5E9400874808 /* Base */ = {isa = PBXFileReference; lastKnownFileType = file.storyboard; name = Base; path = Base.lproj/Main.storyboard; sourceTree = "<group>"; };
		A49301BE1E8D5E9400874808 /* Assets.xcassets */ = {isa = PBXFileReference; lastKnownFileType = folder.assetcatalog; path = Assets.xcassets; sourceTree = "<group>"; };
		A49301C11E8D5E9400874808 /* Base */ = {isa = PBXFileReference; lastKnownFileType = file.storyboard; name = Base; path = Base.lproj/LaunchScreen.storyboard; sourceTree = "<group>"; };
		A49301C31E8D5E9400874808 /* Info.plist */ = {isa = PBXFileReference; lastKnownFileType = text.plist.xml; path = Info.plist; sourceTree = "<group>"; };
/* End PBXFileReference section */

/* Begin PBXFrameworksBuildPhase section */
		A49301AC1E8D5E9400874808 /* Frameworks */ = {
			isa = PBXFrameworksBuildPhase;
			buildActionMask = 2147483647;
			files = (
			);
			runOnlyForDeploymentPostprocessing = 0;
		};
/* End PBXFrameworksBuildPhase section */

/* Begin PBXGroup section */
		A49301A61E8D5E9400874808 = {
			isa = PBXGroup;
			children = (
				A49301B11E8D5E9400874808 /* Practice */,
				A49301B01E8D5E9400874808 /* Products */,
			);
			sourceTree = "<group>";
		};
		A49301B01E8D5E9400874808 /* Products */ = {
			isa = PBXGroup;
			children = (
				A49301AF1E8D5E9400874808 /* Practice.app */,
			);
			name = Products;
			sourceTree = "<group>";
		};
		A49301B11E8D5E9400874808 /* Practice */ = {
			isa = PBXGroup;
			children = (
				A49301B51E8D5E9400874808 /* AppDelegate.h */,
				A49301B61E8D5E9400874808 /* AppDelegate.m */,
				A49301B81E8D5E9400874808 /* HomePageViewController.h */,
				A49301B91E8D5E9400874808 /* HomePageViewController.m */,
				A49301BB1E8D5E9400874808 /* Main.storyboard */,
				A49301BE1E8D5E9400874808 /* Assets.xcassets */,
				A49301C01E8D5E9400874808 /* LaunchScreen.storyboard */,
				A49301C31E8D5E9400874808 /* Info.plist */,
				A49301B21E8D5E9400874808 /* Supporting Files */,
				A44031DD1E8EC8BD00A85F5B /* LoginViewController.h */,
				A44031DE1E8EC8BD00A85F5B /* LoginViewController.m */,
				A44031E01E8EC8F000A85F5B /* Defines.h */,
			);
			path = Practice;
			sourceTree = "<group>";
		};
		A49301B21E8D5E9400874808 /* Supporting Files */ = {
			isa = PBXGroup;
			children = (
				A49301B31E8D5E9400874808 /* main.m */,
			);
			name = "Supporting Files";
			sourceTree = "<group>";
		};
/* End PBXGroup section */

/* Begin PBXNativeTarget section */
		A49301AE1E8D5E9400874808 /* Practice */ = {
			isa = PBXNativeTarget;
			buildConfigurationList = A49301C61E8D5E9400874808 /* Build configuration list for PBXNativeTarget "Practice" */;
			buildPhases = (
				A49301AB1E8D5E9400874808 /* Sources */,
				A49301AC1E8D5E9400874808 /* Frameworks */,
				A49301AD1E8D5E9400874808 /* Resources */,
			);
			buildRules = (
			);
			dependencies = (
			);
			name = Practice;
			productName = Practice;
			productReference = A49301AF1E8D5E9400874808 /* Practice.app */;
			productType = "com.apple.product-type.application";
		};
/* End PBXNativeTarget section */

/* Begin PBXProject section */
		A49301A71E8D5E9400874808 /* Project object */ = {
			isa = PBXProject;
			attributes = {
				LastUpgradeCheck = 0820;
				ORGANIZATIONNAME = ZhaoFei;
				TargetAttributes = {
					A49301AE1E8D5E9400874808 = {
						CreatedOnToolsVersion = 8.2.1;
						DevelopmentTeam = CKF922BZ48;
						ProvisioningStyle = Automatic;
					};
				};
			};
			buildConfigurationList = A49301AA1E8D5E9400874808 /* Build configuration list for PBXProject "Practice" */;
			compatibilityVersion = "Xcode 3.2";
			developmentRegion = English;
			hasScannedForEncodings = 0;
			knownRegions = (
				en,
				Base,
			);
			mainGroup = A49301A61E8D5E9400874808;
			productRefGroup = A49301B01E8D5E9400874808 /* Products */;
			projectDirPath = "";
			projectRoot = "";
			targets = (
				A49301AE1E8D5E9400874808 /* Practice */,
			);
		};
/* End PBXProject section */

/* Begin PBXResourcesBuildPhase section */
		A49301AD1E8D5E9400874808 /* Resources */ = {
			isa = PBXResourcesBuildPhase;
			buildActionMask = 2147483647;
			files = (
				A49301C21E8D5E9400874808 /* LaunchScreen.storyboard in Resources */,
				A49301BF1E8D5E9400874808 /* Assets.xcassets in Resources */,
				A49301BD1E8D5E9400874808 /* Main.storyboard in Resources */,
			);
			runOnlyForDeploymentPostprocessing = 0;
		};
/* End PBXResourcesBuildPhase section */

/* Begin PBXSourcesBuildPhase section */
		A49301AB1E8D5E9400874808 /* Sources */ = {
			isa = PBXSourcesBuildPhase;
			buildActionMask = 2147483647;
			files = (
				A44031DF1E8EC8BD00A85F5B /* LoginViewController.m in Sources */,
				A49301BA1E8D5E9400874808 /* HomePageViewController.m in Sources */,
				A49301B71E8D5E9400874808 /* AppDelegate.m in Sources */,
				A49301B41E8D5E9400874808 /* main.m in Sources */,
			);
			runOnlyForDeploymentPostprocessing = 0;
		};
/* End PBXSourcesBuildPhase section */

/* Begin PBXVariantGroup section */
		A49301BB1E8D5E9400874808 /* Main.storyboard */ = {
			isa = PBXVariantGroup;
			children = (
				A49301BC1E8D5E9400874808 /* Base */,
			);
			name = Main.storyboard;
			sourceTree = "<group>";
		};
		A49301C01E8D5E9400874808 /* LaunchScreen.storyboard */ = {
			isa = PBXVariantGroup;
			children = (
				A49301C11E8D5E9400874808 /* Base */,
			);
			name = LaunchScreen.storyboard;
			sourceTree = "<group>";
		};
/* End PBXVariantGroup section */

/* Begin XCBuildConfiguration section */
		A49301C41E8D5E9400874808 /* Debug */ = {
			isa = XCBuildConfiguration;
			buildSettings = {
				ALWAYS_SEARCH_USER_PATHS = NO;
				CLANG_ANALYZER_NONNULL = YES;
				CLANG_CXX_LANGUAGE_STANDARD = "gnu++0x";
				CLANG_CXX_LIBRARY = "libc++";
				CLANG_ENABLE_MODULES = YES;
				CLANG_ENABLE_OBJC_ARC = YES;
				CLANG_WARN_BOOL_CONVERSION = YES;
				CLANG_WARN_CONSTANT_CONVERSION = YES;
				CLANG_WARN_DIRECT_OBJC_ISA_USAGE = YES_ERROR;
				CLANG_WARN_DOCUMENTATION_COMMENTS = YES;
				CLANG_WARN_EMPTY_BODY = YES;
				CLANG_WARN_ENUM_CONVERSION = YES;
				CLANG_WARN_INFINITE_RECURSION = YES;
				CLANG_WARN_INT_CONVERSION = YES;
				CLANG_WARN_OBJC_ROOT_CLASS = YES_ERROR;
				CLANG_WARN_SUSPICIOUS_MOVE = YES;
				CLANG_WARN_UNREACHABLE_CODE = YES;
				CLANG_WARN__DUPLICATE_METHOD_MATCH = YES;
				"CODE_SIGN_IDENTITY[sdk=iphoneos*]" = "iPhone Developer";
				COPY_PHASE_STRIP = NO;
				DEBUG_INFORMATION_FORMAT = dwarf;
				ENABLE_STRICT_OBJC_MSGSEND = YES;
				ENABLE_TESTABILITY = YES;
				GCC_C_LANGUAGE_STANDARD = gnu99;
				GCC_DYNAMIC_NO_PIC = NO;
				GCC_NO_COMMON_BLOCKS = YES;
				GCC_OPTIMIZATION_LEVEL = 0;
				GCC_PREPROCESSOR_DEFINITIONS = (
					"DEBUG=1",
					"$(inherited)",
				);
				GCC_WARN_64_TO_32_BIT_CONVERSION = YES;
				GCC_WARN_ABOUT_RETURN_TYPE = YES_ERROR;
				GCC_WARN_UNDECLARED_SELECTOR = YES;
				GCC_WARN_UNINITIALIZED_AUTOS = YES_AGGRESSIVE;
				GCC_WARN_UNUSED_FUNCTION = YES;
				GCC_WARN_UNUSED_VARIABLE = YES;
				IPHONEOS_DEPLOYMENT_TARGET = 10.2;
				MTL_ENABLE_DEBUG_INFO = YES;
				ONLY_ACTIVE_ARCH = YES;
				SDKROOT = iphoneos;
				TARGETED_DEVICE_FAMILY = "1,2";
			};
			name = Debug;
		};
		A49301C51E8D5E9400874808 /* Release */ = {
			isa = XCBuildConfiguration;
			buildSettings = {
				ALWAYS_SEARCH_USER_PATHS = NO;
				CLANG_ANALYZER_NONNULL = YES;
				CLANG_CXX_LANGUAGE_STANDARD = "gnu++0x";
				CLANG_CXX_LIBRARY = "libc++";
				CLANG_ENABLE_MODULES = YES;
				CLANG_ENABLE_OBJC_ARC = YES;
				CLANG_WARN_BOOL_CONVERSION = YES;
				CLANG_WARN_CONSTANT_CONVERSION = YES;
				CLANG_WARN_DIRECT_OBJC_ISA_USAGE = YES_ERROR;
				CLANG_WARN_DOCUMENTATION_COMMENTS = YES;
				CLANG_WARN_EMPTY_BODY = YES;
				CLANG_WARN_ENUM_CONVERSION = YES;
				CLANG_WARN_INFINITE_RECURSION = YES;
				CLANG_WARN_INT_CONVERSION = YES;
				CLANG_WARN_OBJC_ROOT_CLASS = YES_ERROR;
				CLANG_WARN_SUSPICIOUS_MOVE = YES;
				CLANG_WARN_UNREACHABLE_CODE = YES;
				CLANG_WARN__DUPLICATE_METHOD_MATCH = YES;
				"CODE_SIGN_IDENTITY[sdk=iphoneos*]" = "iPhone Developer";
				COPY_PHASE_STRIP = NO;
				DEBUG_INFORMATION_FORMAT = "dwarf-with-dsym";
				ENABLE_NS_ASSERTIONS = NO;
				ENABLE_STRICT_OBJC_MSGSEND = YES;
				GCC_C_LANGUAGE_STANDARD = gnu99;
				GCC_NO_COMMON_BLOCKS = YES;
				GCC_WARN_64_TO_32_BIT_CONVERSION = YES;
				GCC_WARN_ABOUT_RETURN_TYPE = YES_ERROR;
				GCC_WARN_UNDECLARED_SELECTOR = YES;
				GCC_WARN_UNINITIALIZED_AUTOS = YES_AGGRESSIVE;
				GCC_WARN_UNUSED_FUNCTION = YES;
				GCC_WARN_UNUSED_VARIABLE = YES;
				IPHONEOS_DEPLOYMENT_TARGET = 10.2;
				MTL_ENABLE_DEBUG_INFO = NO;
				SDKROOT = iphoneos;
				TARGETED_DEVICE_FAMILY = "1,2";
				VALIDATE_PRODUCT = YES;
			};
			name = Release;
		};
		A49301C71E8D5E9400874808 /* Debug */ = {
			isa = XCBuildConfiguration;
			buildSettings = {
				ASSETCATALOG_COMPILER_APPICON_NAME = AppIcon;
				DEVELOPMENT_TEAM = CKF922BZ48;
				INFOPLIST_FILE = Practice/Info.plist;
				LD_RUNPATH_SEARCH_PATHS = "$(inherited) @executable_path/Frameworks";
				PRODUCT_BUNDLE_IDENTIFIER = com.zhaofei.Practice;
				PRODUCT_NAME = "$(TARGET_NAME)";
			};
			name = Debug;
		};
		A49301C81E8D5E9400874808 /* Release */ = {
			isa = XCBuildConfiguration;
			buildSettings = {
				ASSETCATALOG_COMPILER_APPICON_NAME = AppIcon;
				DEVELOPMENT_TEAM = CKF922BZ48;
				INFOPLIST_FILE = Practice/Info.plist;
				LD_RUNPATH_SEARCH_PATHS = "$(inherited) @executable_path/Frameworks";
				PRODUCT_BUNDLE_IDENTIFIER = com.zhaofei.Practice;
				PRODUCT_NAME = "$(TARGET_NAME)";
			};
			name = Release;
		};
/* End XCBuildConfiguration section */

/* Begin XCConfigurationList section */
		A49301AA1E8D5E9400874808 /* Build configuration list for PBXProject "Practice" */ = {
			isa = XCConfigurationList;
			buildConfigurations = (
				A49301C41E8D5E9400874808 /* Debug */,
				A49301C51E8D5E9400874808 /* Release */,
			);
			defaultConfigurationIsVisible = 0;
			defaultConfigurationName = Release;
		};
		A49301C61E8D5E9400874808 /* Build configuration list for PBXNativeTarget "Practice" */ = {
			isa = XCConfigurationList;
			buildConfigurations = (
				A49301C71E8D5E9400874808 /* Debug */,
				A49301C81E8D5E9400874808 /* Release */,
			);
			defaultConfigurationIsVisible = 0;
			defaultConfigurationName = Release;
		};
/* End XCConfigurationList section */
	};
	rootObject = A49301A71E8D5E9400874808 /* Project object */;
}
